
Microsoft Visual Studio Solution File, Format Version 12.00
# Visual Studio Version 17
VisualStudioVersion = 17.4.33110.190
MinimumVisualStudioVersion = 10.0.40219.1
Project("{FAE04EC0-301F-11D3-BF4B-00C04F79EFBC}") = "React App", "React App\React App.csproj", "{27FEBE5D-E1FB-47C7-883F-59D29A74BCBA}"
EndProject
Project("{2150E333-8FDC-42A3-9474-1A3956D46DE8}") = "Services", "Services", "{533881BD-267C-4C7F-812C-BEBEE67A06C6}"
EndProject
Project("{2150E333-8FDC-42A3-9474-1A3956D46DE8}") = "WebApps", "WebApps", "{A50555D1-AC29-4AC1-B89F-ADA7D2B91E09}"
EndProject
Global
	GlobalSection(SolutionConfigurationPlatforms) = preSolution
		Debug|Any CPU = Debug|Any CPU
		Release|Any CPU = Release|Any CPU
	EndGlobalSection
	GlobalSection(ProjectConfigurationPlatforms) = postSolution
		{27FEBE5D-E1FB-47C7-883F-59D29A74BCBA}.Debug|Any CPU.ActiveCfg = Debug|Any CPU
		{27FEBE5D-E1FB-47C7-883F-59D29A74BCBA}.Debug|Any CPU.Build.0 = Debug|Any CPU
		{27FEBE5D-E1FB-47C7-883F-59D29A74BCBA}.Release|Any CPU.ActiveCfg = Release|Any CPU
		{27FEBE5D-E1FB-47C7-883F-59D29A74BCBA}.Release|Any CPU.Build.0 = Release|Any CPU
	EndGlobalSection
	GlobalSection(SolutionProperties) = preSolution
		HideSolutionNode = FALSE
	EndGlobalSection
	GlobalSection(NestedProjects) = preSolution
		{27FEBE5D-E1FB-47C7-883F-59D29A74BCBA} = {A50555D1-AC29-4AC1-B89F-ADA7D2B91E09}
	EndGlobalSection
	GlobalSection(ExtensibilityGlobals) = postSolution
		SolutionGuid = {77CF8F26-C533-4185-A298-18B424E2731B}
	EndGlobalSection
EndGlobal
